github.com/BurntSushi/toml v0.3.1 h1:WXkYYl6Yr3qBf1K79EBnL4mak0OimBfB0XUf9Vl28OQ=
github.com/BurntSushi/toml v0.3.1/go.mod h1:xHWCNGjB5oqiDr8zfno3MHue2Ht5sIBksp03qcyfWMU=
github.com/caseymrm/askm v1.0.0 h1:Ff5QN5GwuyCzg63++hU1jV+1JVYHYd0sw6KUkVd2GiQ=
github.com/caseymrm/askm v1.0.0/go.mod h1:raj+vtH8SsGkuSg1/970qaONNyNlIb7zFv2LDVk6j+U=
github.com/caseymrm/menuet v1.0.1 h1:7WCqrmb04Wh4iq7c7+LOPx1nookwV7xo2//Da3pEQ1o=
github.com/caseymrm/menuet v1.0.1/go.mod h1:Vdn4A7NdnGnx9CwlhyhAn4ii5xrpQkvaONdzpTyJ4j0=
github.com/jinzhu/configor v1.2.1 h1:OKk9dsR8i6HPOCZR8BcMtcEImAFjIhbJFZNyn5GCZko=
github.com/jinzhu/configor v1.2.1/go.mod h1:nX89/MOmDba7ZX7GCyU/VIaQ2Ar2aizBl2d3JLF/rDc=
gopkg.in/check.v1 v0.0.0-20161208181325-20d25e280405 h1:yhCVgyC4o1eVCa2tZl7eS0r+SDo693bJlVdllGtEeKM=
gopkg.in/check.v1 v0.0.0-20161208181325-20d25e280405/go.mod h1:Co6ibVJAznAaIkqp8huTwlJQCZ016jof/cbN4VW5Yz0=
gopkg.in/yaml.v2 v2.2.2 h1:ZCJp+EgiOT7lHqUV2J862kp8Qj64Jo6az82+3Td9dZw=
gopkg.in/yaml.v2 v2.2.2/go.mod h1:hI93XBmqTisBFMUTm0b8Fm+jr3Dg1NNxqwp+5A1VGuI=
